
Microsoft Visual Studio Solution File, Format Version 12.00
# Visual Studio Version 17
VisualStudioVersion = 17.10.35013.160
MinimumVisualStudioVersion = 10.0.40219.1
Project("{2150E333-8FDC-42A3-9474-1A3956D46DE8}") = "src", "src", "{363FE4F5-DA02-4EF9-860C-CFAC397CB144}"
EndProject
Project("{2150E333-8FDC-42A3-9474-1A3956D46DE8}") = "Solution Items", "Solution Items", "{5B3C4FF2-EDF7-4F14-9662-F1AA1E7C29C6}"
	ProjectSection(SolutionItems) = preProject
		ServiceUrls.txt = ServiceUrls.txt
	EndProjectSection
EndProject
Project("{2150E333-8FDC-42A3-9474-1A3956D46DE8}") = "ApiGateways", "ApiGateways", "{60A2854D-03A0-4E34-ADA0-1B002DE20D78}"
EndProject
Project("{2150E333-8FDC-42A3-9474-1A3956D46DE8}") = "BuildingBlocks", "BuildingBlocks", "{E442A021-17EA-455D-846F-90DCC9D75B9A}"
EndProject
Project("{2150E333-8FDC-42A3-9474-1A3956D46DE8}") = "Services", "Services", "{4E1E220E-7CA5-4568-8ECC-088FD57352A8}"
EndProject
Project("{2150E333-8FDC-42A3-9474-1A3956D46DE8}") = "WebApps", "WebApps", "{1C88FB0D-F8B3-4463-AE39-674A19E4D5F5}"
EndProject
Project("{2150E333-8FDC-42A3-9474-1A3956D46DE8}") = "Clients", "Clients", "{09C059E6-FB36-452F-9955-AD9530907D3C}"
EndProject
Project("{2150E333-8FDC-42A3-9474-1A3956D46DE8}") = "WebApiGateway", "WebApiGateway", "{86A688A9-8758-4296-B3A0-9CFBA080DCB1}"
EndProject
Project("{FAE04EC0-301F-11D3-BF4B-00C04F79EFBC}") = "Web.ApiGateway", "src\ApiGateways\WebApiGateway\Web.ApiGateway\Web.ApiGateway.csproj", "{3857AF63-D785-41D8-8D53-CF4B8AF2C781}"
EndProject
Project("{2150E333-8FDC-42A3-9474-1A3956D46DE8}") = "EventBus", "EventBus", "{A3055833-C098-4846-A56F-8F4AAA08B72A}"
EndProject
Project("{FAE04EC0-301F-11D3-BF4B-00C04F79EFBC}") = "EventBus.Base", "src\BuildingBlocks\EventBus\EventBus.Base\EventBus.Base.csproj", "{6C2F71F3-4FF3-4A20-96BC-925E5AA058C0}"
EndProject
Project("{FAE04EC0-301F-11D3-BF4B-00C04F79EFBC}") = "EventBus.Factory", "src\BuildingBlocks\EventBus\EventBus.Factory\EventBus.Factory.csproj", "{90DED002-272F-494D-94F0-BE97FB14A5EC}"
EndProject
Project("{FAE04EC0-301F-11D3-BF4B-00C04F79EFBC}") = "EventBus.AzureServiceBus", "src\BuildingBlocks\EventBus\EventBus.AzureServiceBus\EventBus.AzureServiceBus.csproj", "{0B578724-1A59-4DC1-A490-18ABDF7B1812}"
EndProject
Project("{FAE04EC0-301F-11D3-BF4B-00C04F79EFBC}") = "EventBus.RabbitMQ", "src\BuildingBlocks\EventBus\EventBus.RabbitMQ\EventBus.RabbitMQ.csproj", "{3801E16C-6B91-4BC3-A54E-7A2D7540D59F}"
EndProject
Project("{2150E333-8FDC-42A3-9474-1A3956D46DE8}") = "BlazorWepApp", "BlazorWepApp", "{E8C12613-D6FF-4F66-A231-08D4735FEB2F}"
EndProject
Project("{FAE04EC0-301F-11D3-BF4B-00C04F79EFBC}") = "WebApp", "src\Clients\BlazorWebApp\WebApp\WebApp.csproj", "{5B256C3E-6480-4C51-B26F-F539371523FF}"
EndProject
Project("{2150E333-8FDC-42A3-9474-1A3956D46DE8}") = "BasketService", "BasketService", "{C856359D-F9AB-4509-95BB-B3B3FE1D1774}"
EndProject
Project("{FAE04EC0-301F-11D3-BF4B-00C04F79EFBC}") = "BasketService.Api", "src\Services\BasketService\BasketService.Api\BasketService.Api.csproj", "{F4E74BED-1412-42E0-AA16-484F58EF5355}"
EndProject
Project("{2150E333-8FDC-42A3-9474-1A3956D46DE8}") = "CatalogService", "CatalogService", "{1A280ADD-61F2-484C-B306-F90A4333673F}"
EndProject
Project("{FAE04EC0-301F-11D3-BF4B-00C04F79EFBC}") = "CatalogService.Api", "src\Services\CatalogService\CatalogService.Api\CatalogService.Api.csproj", "{E89A0D0D-37FB-4CD8-9D95-11F8ECEDB867}"
EndProject
Project("{2150E333-8FDC-42A3-9474-1A3956D46DE8}") = "IdentityService", "IdentityService", "{C72AC702-A3C4-4EF1-9114-7F83E8F25665}"
EndProject
Project("{FAE04EC0-301F-11D3-BF4B-00C04F79EFBC}") = "IdentityService.Api", "src\Services\IdentityService\IdentityService.Api\IdentityService.Api.csproj", "{2F1DE7FD-DCD2-47AF-A80D-748F6E269622}"
EndProject
Project("{2150E333-8FDC-42A3-9474-1A3956D46DE8}") = "NotificationService", "NotificationService", "{263C3CA7-9E70-482C-B0B4-3AA94DF53A97}"
EndProject
Project("{FAE04EC0-301F-11D3-BF4B-00C04F79EFBC}") = "NotificationService", "src\Services\NotificationService\NotificationService\NotificationService.csproj", "{501E8A65-4B5D-4153-8190-FB353C494E7C}"
EndProject
Project("{2150E333-8FDC-42A3-9474-1A3956D46DE8}") = "OrderService", "OrderService", "{99C6EBC3-4751-4684-82F5-DC44AF1CE9FE}"
EndProject
Project("{FAE04EC0-301F-11D3-BF4B-00C04F79EFBC}") = "OrderService.Domain", "src\Services\OrderService\OrderService.Domain\OrderService.Domain.csproj", "{44F762C4-32C5-44AB-ABE9-C91D243261C0}"
EndProject
Project("{FAE04EC0-301F-11D3-BF4B-00C04F79EFBC}") = "OrderService.Application", "src\Services\OrderService\OrderService.Application\OrderService.Application.csproj", "{F1C48955-BCF6-43A6-B789-01E0D9264529}"
EndProject
Project("{FAE04EC0-301F-11D3-BF4B-00C04F79EFBC}") = "OrderService.Infrastructure", "src\Services\OrderService\OrderService.Infrastructure\OrderService.Infrastructure.csproj", "{85EAF9CB-25A7-4BBD-BCFC-85A69DA67122}"
EndProject
Project("{FAE04EC0-301F-11D3-BF4B-00C04F79EFBC}") = "OrderService.Api", "src\Services\OrderService\OrderService.Api\OrderService.Api.csproj", "{B37812F2-A7C6-45BE-8782-50923FC142F0}"
EndProject
Project("{2150E333-8FDC-42A3-9474-1A3956D46DE8}") = "PaymentService", "PaymentService", "{0E841FB4-882B-4F55-A494-B025FA5F6ABA}"
EndProject
Project("{FAE04EC0-301F-11D3-BF4B-00C04F79EFBC}") = "PaymentService.Api", "src\Services\PaymentService\PaymentService.Api\PaymentService.Api.csproj", "{4DC75FEC-FE5C-4239-8F22-5BBC028B697A}"
EndProject
Global
	GlobalSection(SolutionConfigurationPlatforms) = preSolution
		Debug|Any CPU = Debug|Any CPU
		Release|Any CPU = Release|Any CPU
	EndGlobalSection
	GlobalSection(ProjectConfigurationPlatforms) = postSolution
		{3857AF63-D785-41D8-8D53-CF4B8AF2C781}.Debug|Any CPU.ActiveCfg = Debug|Any CPU
		{3857AF63-D785-41D8-8D53-CF4B8AF2C781}.Debug|Any CPU.Build.0 = Debug|Any CPU
		{3857AF63-D785-41D8-8D53-CF4B8AF2C781}.Release|Any CPU.ActiveCfg = Release|Any CPU
		{3857AF63-D785-41D8-8D53-CF4B8AF2C781}.Release|Any CPU.Build.0 = Release|Any CPU
		{6C2F71F3-4FF3-4A20-96BC-925E5AA058C0}.Debug|Any CPU.ActiveCfg = Debug|Any CPU
		{6C2F71F3-4FF3-4A20-96BC-925E5AA058C0}.Debug|Any CPU.Build.0 = Debug|Any CPU
		{6C2F71F3-4FF3-4A20-96BC-925E5AA058C0}.Release|Any CPU.ActiveCfg = Release|Any CPU
		{6C2F71F3-4FF3-4A20-96BC-925E5AA058C0}.Release|Any CPU.Build.0 = Release|Any CPU
		{90DED002-272F-494D-94F0-BE97FB14A5EC}.Debug|Any CPU.ActiveCfg = Debug|Any CPU
		{90DED002-272F-494D-94F0-BE97FB14A5EC}.Debug|Any CPU.Build.0 = Debug|Any CPU
		{90DED002-272F-494D-94F0-BE97FB14A5EC}.Release|Any CPU.ActiveCfg = Release|Any CPU
		{90DED002-272F-494D-94F0-BE97FB14A5EC}.Release|Any CPU.Build.0 = Release|Any CPU
		{0B578724-1A59-4DC1-A490-18ABDF7B1812}.Debug|Any CPU.ActiveCfg = Debug|Any CPU
		{0B578724-1A59-4DC1-A490-18ABDF7B1812}.Debug|Any CPU.Build.0 = Debug|Any CPU
		{0B578724-1A59-4DC1-A490-18ABDF7B1812}.Release|Any CPU.ActiveCfg = Release|Any CPU
		{0B578724-1A59-4DC1-A490-18ABDF7B1812}.Release|Any CPU.Build.0 = Release|Any CPU
		{3801E16C-6B91-4BC3-A54E-7A2D7540D59F}.Debug|Any CPU.ActiveCfg = Debug|Any CPU
		{3801E16C-6B91-4BC3-A54E-7A2D7540D59F}.Debug|Any CPU.Build.0 = Debug|Any CPU
		{3801E16C-6B91-4BC3-A54E-7A2D7540D59F}.Release|Any CPU.ActiveCfg = Release|Any CPU
		{3801E16C-6B91-4BC3-A54E-7A2D7540D59F}.Release|Any CPU.Build.0 = Release|Any CPU
		{5B256C3E-6480-4C51-B26F-F539371523FF}.Debug|Any CPU.ActiveCfg = Debug|Any CPU
		{5B256C3E-6480-4C51-B26F-F539371523FF}.Debug|Any CPU.Build.0 = Debug|Any CPU
		{5B256C3E-6480-4C51-B26F-F539371523FF}.Release|Any CPU.ActiveCfg = Release|Any CPU
		{5B256C3E-6480-4C51-B26F-F539371523FF}.Release|Any CPU.Build.0 = Release|Any CPU
		{F4E74BED-1412-42E0-AA16-484F58EF5355}.Debug|Any CPU.ActiveCfg = Debug|Any CPU
		{F4E74BED-1412-42E0-AA16-484F58EF5355}.Debug|Any CPU.Build.0 = Debug|Any CPU
		{F4E74BED-1412-42E0-AA16-484F58EF5355}.Release|Any CPU.ActiveCfg = Release|Any CPU
		{F4E74BED-1412-42E0-AA16-484F58EF5355}.Release|Any CPU.Build.0 = Release|Any CPU
		{E89A0D0D-37FB-4CD8-9D95-11F8ECEDB867}.Debug|Any CPU.ActiveCfg = Debug|Any CPU
		{E89A0D0D-37FB-4CD8-9D95-11F8ECEDB867}.Debug|Any CPU.Build.0 = Debug|Any CPU
		{E89A0D0D-37FB-4CD8-9D95-11F8ECEDB867}.Release|Any CPU.ActiveCfg = Release|Any CPU
		{E89A0D0D-37FB-4CD8-9D95-11F8ECEDB867}.Release|Any CPU.Build.0 = Release|Any CPU
		{2F1DE7FD-DCD2-47AF-A80D-748F6E269622}.Debug|Any CPU.ActiveCfg = Debug|Any CPU
		{2F1DE7FD-DCD2-47AF-A80D-748F6E269622}.Debug|Any CPU.Build.0 = Debug|Any CPU
		{2F1DE7FD-DCD2-47AF-A80D-748F6E269622}.Release|Any CPU.ActiveCfg = Release|Any CPU
		{2F1DE7FD-DCD2-47AF-A80D-748F6E269622}.Release|Any CPU.Build.0 = Release|Any CPU
		{501E8A65-4B5D-4153-8190-FB353C494E7C}.Debug|Any CPU.ActiveCfg = Debug|Any CPU
		{501E8A65-4B5D-4153-8190-FB353C494E7C}.Debug|Any CPU.Build.0 = Debug|Any CPU
		{501E8A65-4B5D-4153-8190-FB353C494E7C}.Release|Any CPU.ActiveCfg = Release|Any CPU
		{501E8A65-4B5D-4153-8190-FB353C494E7C}.Release|Any CPU.Build.0 = Release|Any CPU
		{44F762C4-32C5-44AB-ABE9-C91D243261C0}.Debug|Any CPU.ActiveCfg = Debug|Any CPU
		{44F762C4-32C5-44AB-ABE9-C91D243261C0}.Debug|Any CPU.Build.0 = Debug|Any CPU
		{44F762C4-32C5-44AB-ABE9-C91D243261C0}.Release|Any CPU.ActiveCfg = Release|Any CPU
		{44F762C4-32C5-44AB-ABE9-C91D243261C0}.Release|Any CPU.Build.0 = Release|Any CPU
		{F1C48955-BCF6-43A6-B789-01E0D9264529}.Debug|Any CPU.ActiveCfg = Debug|Any CPU
		{F1C48955-BCF6-43A6-B789-01E0D9264529}.Debug|Any CPU.Build.0 = Debug|Any CPU
		{F1C48955-BCF6-43A6-B789-01E0D9264529}.Release|Any CPU.ActiveCfg = Release|Any CPU
		{F1C48955-BCF6-43A6-B789-01E0D9264529}.Release|Any CPU.Build.0 = Release|Any CPU
		{85EAF9CB-25A7-4BBD-BCFC-85A69DA67122}.Debug|Any CPU.ActiveCfg = Debug|Any CPU
		{85EAF9CB-25A7-4BBD-BCFC-85A69DA67122}.Debug|Any CPU.Build.0 = Debug|Any CPU
		{85EAF9CB-25A7-4BBD-BCFC-85A69DA67122}.Release|Any CPU.ActiveCfg = Release|Any CPU
		{85EAF9CB-25A7-4BBD-BCFC-85A69DA67122}.Release|Any CPU.Build.0 = Release|Any CPU
		{B37812F2-A7C6-45BE-8782-50923FC142F0}.Debug|Any CPU.ActiveCfg = Debug|Any CPU
		{B37812F2-A7C6-45BE-8782-50923FC142F0}.Debug|Any CPU.Build.0 = Debug|Any CPU
		{B37812F2-A7C6-45BE-8782-50923FC142F0}.Release|Any CPU.ActiveCfg = Release|Any CPU
		{B37812F2-A7C6-45BE-8782-50923FC142F0}.Release|Any CPU.Build.0 = Release|Any CPU
		{4DC75FEC-FE5C-4239-8F22-5BBC028B697A}.Debug|Any CPU.ActiveCfg = Debug|Any CPU
		{4DC75FEC-FE5C-4239-8F22-5BBC028B697A}.Debug|Any CPU.Build.0 = Debug|Any CPU
		{4DC75FEC-FE5C-4239-8F22-5BBC028B697A}.Release|Any CPU.ActiveCfg = Release|Any CPU
		{4DC75FEC-FE5C-4239-8F22-5BBC028B697A}.Release|Any CPU.Build.0 = Release|Any CPU
	EndGlobalSection
	GlobalSection(SolutionProperties) = preSolution
		HideSolutionNode = FALSE
	EndGlobalSection
	GlobalSection(NestedProjects) = preSolution
		{60A2854D-03A0-4E34-ADA0-1B002DE20D78} = {363FE4F5-DA02-4EF9-860C-CFAC397CB144}
		{E442A021-17EA-455D-846F-90DCC9D75B9A} = {363FE4F5-DA02-4EF9-860C-CFAC397CB144}
		{4E1E220E-7CA5-4568-8ECC-088FD57352A8} = {363FE4F5-DA02-4EF9-860C-CFAC397CB144}
		{1C88FB0D-F8B3-4463-AE39-674A19E4D5F5} = {363FE4F5-DA02-4EF9-860C-CFAC397CB144}
		{09C059E6-FB36-452F-9955-AD9530907D3C} = {363FE4F5-DA02-4EF9-860C-CFAC397CB144}
		{86A688A9-8758-4296-B3A0-9CFBA080DCB1} = {60A2854D-03A0-4E34-ADA0-1B002DE20D78}
		{3857AF63-D785-41D8-8D53-CF4B8AF2C781} = {86A688A9-8758-4296-B3A0-9CFBA080DCB1}
		{A3055833-C098-4846-A56F-8F4AAA08B72A} = {E442A021-17EA-455D-846F-90DCC9D75B9A}
		{6C2F71F3-4FF3-4A20-96BC-925E5AA058C0} = {A3055833-C098-4846-A56F-8F4AAA08B72A}
		{90DED002-272F-494D-94F0-BE97FB14A5EC} = {A3055833-C098-4846-A56F-8F4AAA08B72A}
		{0B578724-1A59-4DC1-A490-18ABDF7B1812} = {A3055833-C098-4846-A56F-8F4AAA08B72A}
		{3801E16C-6B91-4BC3-A54E-7A2D7540D59F} = {A3055833-C098-4846-A56F-8F4AAA08B72A}
		{E8C12613-D6FF-4F66-A231-08D4735FEB2F} = {09C059E6-FB36-452F-9955-AD9530907D3C}
		{5B256C3E-6480-4C51-B26F-F539371523FF} = {E8C12613-D6FF-4F66-A231-08D4735FEB2F}
		{C856359D-F9AB-4509-95BB-B3B3FE1D1774} = {4E1E220E-7CA5-4568-8ECC-088FD57352A8}
		{F4E74BED-1412-42E0-AA16-484F58EF5355} = {C856359D-F9AB-4509-95BB-B3B3FE1D1774}
		{1A280ADD-61F2-484C-B306-F90A4333673F} = {4E1E220E-7CA5-4568-8ECC-088FD57352A8}
		{E89A0D0D-37FB-4CD8-9D95-11F8ECEDB867} = {1A280ADD-61F2-484C-B306-F90A4333673F}
		{C72AC702-A3C4-4EF1-9114-7F83E8F25665} = {4E1E220E-7CA5-4568-8ECC-088FD57352A8}
		{2F1DE7FD-DCD2-47AF-A80D-748F6E269622} = {C72AC702-A3C4-4EF1-9114-7F83E8F25665}
		{263C3CA7-9E70-482C-B0B4-3AA94DF53A97} = {4E1E220E-7CA5-4568-8ECC-088FD57352A8}
		{501E8A65-4B5D-4153-8190-FB353C494E7C} = {263C3CA7-9E70-482C-B0B4-3AA94DF53A97}
		{99C6EBC3-4751-4684-82F5-DC44AF1CE9FE} = {4E1E220E-7CA5-4568-8ECC-088FD57352A8}
		{44F762C4-32C5-44AB-ABE9-C91D243261C0} = {99C6EBC3-4751-4684-82F5-DC44AF1CE9FE}
		{F1C48955-BCF6-43A6-B789-01E0D9264529} = {99C6EBC3-4751-4684-82F5-DC44AF1CE9FE}
		{85EAF9CB-25A7-4BBD-BCFC-85A69DA67122} = {99C6EBC3-4751-4684-82F5-DC44AF1CE9FE}
		{B37812F2-A7C6-45BE-8782-50923FC142F0} = {99C6EBC3-4751-4684-82F5-DC44AF1CE9FE}
		{0E841FB4-882B-4F55-A494-B025FA5F6ABA} = {4E1E220E-7CA5-4568-8ECC-088FD57352A8}
		{4DC75FEC-FE5C-4239-8F22-5BBC028B697A} = {0E841FB4-882B-4F55-A494-B025FA5F6ABA}
	EndGlobalSection
	GlobalSection(ExtensibilityGlobals) = postSolution
		SolutionGuid = {A52DBEE7-26FF-478D-BACA-B0913CD5DB09}
	EndGlobalSection
EndGlobal
